
Microsoft Visual Studio Solution File, Format Version 12.00
# Visual Studio Version 17
VisualStudioVersion = 17.14.36301.6 d17.14
MinimumVisualStudioVersion = 10.0.40219.1
Project("{FAE04EC0-301F-11D3-BF4B-00C04F79EFBC}") = "GestioneCorsi", "GestioneCorsi\GestioneCorsi.csproj", "{30B6A8AB-205A-4481-A0A2-3FCA6F7FEB84}"
EndProject
Global
	GlobalSection(SolutionConfigurationPlatforms) = preSolution
		Debug|Any CPU = Debug|Any CPU
		Release|Any CPU = Release|Any CPU
	EndGlobalSection
	GlobalSection(ProjectConfigurationPlatforms) = postSolution
		{30B6A8AB-205A-4481-A0A2-3FCA6F7FEB84}.Debug|Any CPU.ActiveCfg = Debug|Any CPU
		{30B6A8AB-205A-4481-A0A2-3FCA6F7FEB84}.Debug|Any CPU.Build.0 = Debug|Any CPU
		{30B6A8AB-205A-4481-A0A2-3FCA6F7FEB84}.Release|Any CPU.ActiveCfg = Release|Any CPU
		{30B6A8AB-205A-4481-A0A2-3FCA6F7FEB84}.Release|Any CPU.Build.0 = Release|Any CPU
	EndGlobalSection
	GlobalSection(SolutionProperties) = preSolution
		HideSolutionNode = FALSE
	EndGlobalSection
	GlobalSection(ExtensibilityGlobals) = postSolution
		SolutionGuid = {21259EB7-54D8-4343-B577-078FB436066A}
	EndGlobalSection
EndGlobal
